
Microsoft Visual Studio Solution File, Format Version 12.00
# Visual Studio 14
VisualStudioVersion = 14.0.25420.1
MinimumVisualStudioVersion = 10.0.40219.1
Project("{E24C65DC-7377-472B-9ABA-BC803B73C61A}") = "PlayVideo(1)", "PlayVideo\", "{D806131E-B902-4BB9-B7A9-6A2A8756CB77}"
	ProjectSection(WebsiteProperties) = preProject
		TargetFrameworkMoniker = ".NETFramework,Version%3Dv4.0"
		Debug.AspNetCompiler.VirtualPath = "/localhost_49564"
		Debug.AspNetCompiler.PhysicalPath = "PlayVideo\"
		Debug.AspNetCompiler.TargetPath = "PrecompiledWeb\localhost_49564\"
		Debug.AspNetCompiler.Updateable = "true"
		Debug.AspNetCompiler.ForceOverwrite = "true"
		Debug.AspNetCompiler.FixedNames = "false"
		Debug.AspNetCompiler.Debug = "True"
		Release.AspNetCompiler.VirtualPath = "/localhost_49564"
		Release.AspNetCompiler.PhysicalPath = "PlayVideo\"
		Release.AspNetCompiler.TargetPath = "PrecompiledWeb\localhost_49564\"
		Release.AspNetCompiler.Updateable = "true"
		Release.AspNetCompiler.ForceOverwrite = "true"
		Release.AspNetCompiler.FixedNames = "false"
		Release.AspNetCompiler.Debug = "False"
		VWDPort = "49564"
		SlnRelativePath = "PlayVideo\"
	EndProjectSection
EndProject
Global
	GlobalSection(SolutionConfigurationPlatforms) = preSolution
		Debug|Any CPU = Debug|Any CPU
	EndGlobalSection
	GlobalSection(ProjectConfigurationPlatforms) = postSolution
		{D806131E-B902-4BB9-B7A9-6A2A8756CB77}.Debug|Any CPU.ActiveCfg = Debug|Any CPU
		{D806131E-B902-4BB9-B7A9-6A2A8756CB77}.Debug|Any CPU.Build.0 = Debug|Any CPU
	EndGlobalSection
	GlobalSection(SolutionProperties) = preSolution
		HideSolutionNode = FALSE
	EndGlobalSection
EndGlobal
